// !$*UTF8*$!
{
	archiveVersion = 1;
	classes = {
	};
	objectVersion = 46;
	objects = {

/* Begin PBXBuildFile section */
		B631C7A11CCCFC1900E64C15 /* AppDelegate.swift in Sources */ = {isa = PBXBuildFile; fileRef = B631C7A01CCCFC1900E64C15 /* AppDelegate.swift */; };
		B631C7A31CCCFC1900E64C15 /* ViewController.swift in Sources */ = {isa = PBXBuildFile; fileRef = B631C7A21CCCFC1900E64C15 /* ViewController.swift */; };
		B631C7A61CCCFC1900E64C15 /* Main.storyboard in Resources */ = {isa = PBXBuildFile; fileRef = B631C7A41CCCFC1900E64C15 /* Main.storyboard */; };
		B631C7A91CCCFC1A00E64C15 /* iAdPart1.xcdatamodeld in Sources */ = {isa = PBXBuildFile; fileRef = B631C7A71CCCFC1A00E64C15 /* iAdPart1.xcdatamodeld */; };
		B631C7AB1CCCFC1A00E64C15 /* Assets.xcassets in Resources */ = {isa = PBXBuildFile; fileRef = B631C7AA1CCCFC1A00E64C15 /* Assets.xcassets */; };
		B631C7AE1CCCFC1A00E64C15 /* LaunchScreen.storyboard in Resources */ = {isa = PBXBuildFile; fileRef = B631C7AC1CCCFC1A00E64C15 /* LaunchScreen.storyboard */; };
		B631C7B71CCCFC3300E64C15 /* AdSupport.framework in Frameworks */ = {isa = PBXBuildFile; fileRef = B631C7B51CCCFC3300E64C15 /* AdSupport.framework */; };
		B631C7B81CCCFC3300E64C15 /* iAd.framework in Frameworks */ = {isa = PBXBuildFile; fileRef = B631C7B61CCCFC3300E64C15 /* iAd.framework */; };
/* End PBXBuildFile section */

/* Begin PBXFileReference section */
		B631C79D1CCCFC1900E64C15 /* iAdPart1.app */ = {isa = PBXFileReference; explicitFileType = wrapper.application; includeInIndex = 0; path = iAdPart1.app; sourceTree = BUILT_PRODUCTS_DIR; };
		B631C7A01CCCFC1900E64C15 /* AppDelegate.swift */ = {isa = PBXFileReference; lastKnownFileType = sourcecode.swift; path = AppDelegate.swift; sourceTree = "<group>"; };
		B631C7A21CCCFC1900E64C15 /* ViewController.swift */ = {isa = PBXFileReference; lastKnownFileType = sourcecode.swift; path = ViewController.swift; sourceTree = "<group>"; };
		B631C7A51CCCFC1900E64C15 /* Base */ = {isa = PBXFileReference; lastKnownFileType = file.storyboard; name = Base; path = Base.lproj/Main.storyboard; sourceTree = "<group>"; };
		B631C7A81CCCFC1A00E64C15 /* iAdPart1.xcdatamodel */ = {isa = PBXFileReference; lastKnownFileType = wrapper.xcdatamodel; path = iAdPart1.xcdatamodel; sourceTree = "<group>"; };
		B631C7AA1CCCFC1A00E64C15 /* Assets.xcassets */ = {isa = PBXFileReference; lastKnownFileType = folder.assetcatalog; path = Assets.xcassets; sourceTree = "<group>"; };
		B631C7AD1CCCFC1A00E64C15 /* Base */ = {isa = PBXFileReference; lastKnownFileType = file.storyboard; name = Base; path = Base.lproj/LaunchScreen.storyboard; sourceTree = "<group>"; };
		B631C7AF1CCCFC1A00E64C15 /* Info.plist */ = {isa = PBXFileReference; lastKnownFileType = text.plist.xml; path = Info.plist; sourceTree = "<group>"; };
		B631C7B51CCCFC3300E64C15 /* AdSupport.framework */ = {isa = PBXFileReference; lastKnownFileType = wrapper.framework; name = AdSupport.framework; path = System/Library/Frameworks/AdSupport.framework; sourceTree = SDKROOT; };
		B631C7B61CCCFC3300E64C15 /* iAd.framework */ = {isa = PBXFileReference; lastKnownFileType = wrapper.framework; name = iAd.framework; path = System/Library/Frameworks/iAd.framework; sourceTree = SDKROOT; };
/* End PBXFileReference section */

/* Begin PBXFrameworksBuildPhase section */
		B631C79A1CCCFC1900E64C15 /* Frameworks */ = {
			isa = PBXFrameworksBuildPhase;
			buildActionMask = 2147483647;
			files = (
				B631C7B71CCCFC3300E64C15 /* AdSupport.framework in Frameworks */,
				B631C7B81CCCFC3300E64C15 /* iAd.framework in Frameworks */,
			);
			runOnlyForDeploymentPostprocessing = 0;
		};
/* End PBXFrameworksBuildPhase section */

/* Begin PBXGroup section */
		B631C7941CCCFC1900E64C15 = {
			isa = PBXGroup;
			children = (
				B631C7B51CCCFC3300E64C15 /* AdSupport.framework */,
				B631C7B61CCCFC3300E64C15 /* iAd.framework */,
				B631C79F1CCCFC1900E64C15 /* iAdPart1 */,
				B631C79E1CCCFC1900E64C15 /* Products */,
			);
			sourceTree = "<group>";
		};
		B631C79E1CCCFC1900E64C15 /* Products */ = {
			isa = PBXGroup;
			children = (
				B631C79D1CCCFC1900E64C15 /* iAdPart1.app */,
			);
			name = Products;
			sourceTree = "<group>";
		};
		B631C79F1CCCFC1900E64C15 /* iAdPart1 */ = {
			isa = PBXGroup;
			children = (
				B631C7A01CCCFC1900E64C15 /* AppDelegate.swift */,
				B631C7A21CCCFC1900E64C15 /* ViewController.swift */,
				B631C7A41CCCFC1900E64C15 /* Main.storyboard */,
				B631C7AA1CCCFC1A00E64C15 /* Assets.xcassets */,
				B631C7AC1CCCFC1A00E64C15 /* LaunchScreen.storyboard */,
				B631C7AF1CCCFC1A00E64C15 /* Info.plist */,
				B631C7A71CCCFC1A00E64C15 /* iAdPart1.xcdatamodeld */,
			);
			path = iAdPart1;
			sourceTree = "<group>";
		};
/* End PBXGroup section */

/* Begin PBXNativeTarget section */
		B631C79C1CCCFC1900E64C15 /* iAdPart1 */ = {
			isa = PBXNativeTarget;
			buildConfigurationList = B631C7B21CCCFC1A00E64C15 /* Build configuration list for PBXNativeTarget "iAdPart1" */;
			buildPhases = (
				B631C7991CCCFC1900E64C15 /* Sources */,
				B631C79A1CCCFC1900E64C15 /* Frameworks */,
				B631C79B1CCCFC1900E64C15 /* Resources */,
			);
			buildRules = (
			);
			dependencies = (
			);
			name = iAdPart1;
			productName = iAdPart1;
			productReference = B631C79D1CCCFC1900E64C15 /* iAdPart1.app */;
			productType = "com.apple.product-type.application";
		};
/* End PBXNativeTarget section */

/* Begin PBXProject section */
		B631C7951CCCFC1900E64C15 /* Project object */ = {
			isa = PBXProject;
			attributes = {
				LastUpgradeCheck = 0700;
				ORGANIZATIONNAME = "Felicia Weathers";
				TargetAttributes = {
					B631C79C1CCCFC1900E64C15 = {
						CreatedOnToolsVersion = 7.0.1;
					};
				};
			};
			buildConfigurationList = B631C7981CCCFC1900E64C15 /* Build configuration list for PBXProject "iAdPart1" */;
			compatibilityVersion = "Xcode 3.2";
			developmentRegion = English;
			hasScannedForEncodings = 0;
			knownRegions = (
				en,
				Base,
			);
			mainGroup = B631C7941CCCFC1900E64C15;
			productRefGroup = B631C79E1CCCFC1900E64C15 /* Products */;
			projectDirPath = "";
			projectRoot = "";
			targets = (
				B631C79C1CCCFC1900E64C15 /* iAdPart1 */,
			);
		};
/* End PBXProject section */

/* Begin PBXResourcesBuildPhase section */
		B631C79B1CCCFC1900E64C15 /* Resources */ = {
			isa = PBXResourcesBuildPhase;
			buildActionMask = 2147483647;
			files = (
				B631C7AE1CCCFC1A00E64C15 /* LaunchScreen.storyboard in Resources */,
				B631C7AB1CCCFC1A00E64C15 /* Assets.xcassets in Resources */,
				B631C7A61CCCFC1900E64C15 /* Main.storyboard in Resources */,
			);
			runOnlyForDeploymentPostprocessing = 0;
		};
/* End PBXResourcesBuildPhase section */

/* Begin PBXSourcesBuildPhase section */
		B631C7991CCCFC1900E64C15 /* Sources */ = {
			isa = PBXSourcesBuildPhase;
			buildActionMask = 2147483647;
			files = (
				B631C7A31CCCFC1900E64C15 /* ViewController.swift in Sources */,
				B631C7A91CCCFC1A00E64C15 /* iAdPart1.xcdatamodeld in Sources */,
				B631C7A11CCCFC1900E64C15 /* AppDelegate.swift in Sources */,
			);
			runOnlyForDeploymentPostprocessing = 0;
		};
/* End PBXSourcesBuildPhase section */

/* Begin PBXVariantGroup section */
		B631C7A41CCCFC1900E64C15 /* Main.storyboard */ = {
			isa = PBXVariantGroup;
			children = (
				B631C7A51CCCFC1900E64C15 /* Base */,
			);
			name = Main.storyboard;
			sourceTree = "<group>";
		};
		B631C7AC1CCCFC1A00E64C15 /* LaunchScreen.storyboard */ = {
			isa = PBXVariantGroup;
			children = (
				B631C7AD1CCCFC1A00E64C15 /* Base */,
			);
			name = LaunchScreen.storyboard;
			sourceTree = "<group>";
		};
/* End PBXVariantGroup section */

/* Begin XCBuildConfiguration section */
		B631C7B01CCCFC1A00E64C15 /* Debug */ = {
			isa = XCBuildConfiguration;
			buildSettings = {
				ALWAYS_SEARCH_USER_PATHS = NO;
				CLANG_CXX_LANGUAGE_STANDARD = "gnu++0x";
				CLANG_CXX_LIBRARY = "libc++";
				CLANG_ENABLE_MODULES = YES;
				CLANG_ENABLE_OBJC_ARC = YES;
				CLANG_WARN_BOOL_CONVERSION = YES;
				CLANG_WARN_CONSTANT_CONVERSION = YES;
				CLANG_WARN_DIRECT_OBJC_ISA_USAGE = YES_ERROR;
				CLANG_WARN_EMPTY_BODY = YES;
				CLANG_WARN_ENUM_CONVERSION = YES;
				CLANG_WARN_INT_CONVERSION = YES;
				CLANG_WARN_OBJC_ROOT_CLASS = YES_ERROR;
				CLANG_WARN_UNREACHABLE_CODE = YES;
				CLANG_WARN__DUPLICATE_METHOD_MATCH = YES;
				"CODE_SIGN_IDENTITY[sdk=iphoneos*]" = "iPhone Developer";
				COPY_PHASE_STRIP = NO;
				DEBUG_INFORMATION_FORMAT = dwarf;
				ENABLE_STRICT_OBJC_MSGSEND = YES;
				ENABLE_TESTABILITY = YES;
				GCC_C_LANGUAGE_STANDARD = gnu99;
				GCC_DYNAMIC_NO_PIC = NO;
				GCC_NO_COMMON_BLOCKS = YES;
				GCC_OPTIMIZATION_LEVEL = 0;
				GCC_PREPROCESSOR_DEFINITIONS = (
					"DEBUG=1",
					"$(inherited)",
				);
				GCC_WARN_64_TO_32_BIT_CONVERSION = YES;
				GCC_WARN_ABOUT_RETURN_TYPE = YES_ERROR;
				GCC_WARN_UNDECLARED_SELECTOR = YES;
				GCC_WARN_UNINITIALIZED_AUTOS = YES_AGGRESSIVE;
				GCC_WARN_UNUSED_FUNCTION = YES;
				GCC_WARN_UNUSED_VARIABLE = YES;
				IPHONEOS_DEPLOYMENT_TARGET = 9.0;
				MTL_ENABLE_DEBUG_INFO = YES;
				ONLY_ACTIVE_ARCH = YES;
				SDKROOT = iphoneos;
				SWIFT_OPTIMIZATION_LEVEL = "-Onone";
				TARGETED_DEVICE_FAMILY = "1,2";
			};
			name = Debug;
		};
		B631C7B11CCCFC1A00E64C15 /* Release */ = {
			isa = XCBuildConfiguration;
			buildSettings = {
				ALWAYS_SEARCH_USER_PATHS = NO;
				CLANG_CXX_LANGUAGE_STANDARD = "gnu++0x";
				CLANG_CXX_LIBRARY = "libc++";
				CLANG_ENABLE_MODULES = YES;
				CLANG_ENABLE_OBJC_ARC = YES;
				CLANG_WARN_BOOL_CONVERSION = YES;
				CLANG_WARN_CONSTANT_CONVERSION = YES;
				CLANG_WARN_DIRECT_OBJC_ISA_USAGE = YES_ERROR;
				CLANG_WARN_EMPTY_BODY = YES;
				CLANG_WARN_ENUM_CONVERSION = YES;
				CLANG_WARN_INT_CONVERSION = YES;
				CLANG_WARN_OBJC_ROOT_CLASS = YES_ERROR;
				CLANG_WARN_UNREACHABLE_CODE = YES;
				CLANG_WARN__DUPLICATE_METHOD_MATCH = YES;
				"CODE_SIGN_IDENTITY[sdk=iphoneos*]" = "iPhone Developer";
				COPY_PHASE_STRIP = NO;
				DEBUG_INFORMATION_FORMAT = "dwarf-with-dsym";
				ENABLE_NS_ASSERTIONS = NO;
				ENABLE_STRICT_OBJC_MSGSEND = YES;
				GCC_C_LANGUAGE_STANDARD = gnu99;
				GCC_NO_COMMON_BLOCKS = YES;
				GCC_WARN_64_TO_32_BIT_CONVERSION = YES;
				GCC_WARN_ABOUT_RETURN_TYPE = YES_ERROR;
				GCC_WARN_UNDECLARED_SELECTOR = YES;
				GCC_WARN_UNINITIALIZED_AUTOS = YES_AGGRESSIVE;
				GCC_WARN_UNUSED_FUNCTION = YES;
				GCC_WARN_UNUSED_VARIABLE = YES;
				IPHONEOS_DEPLOYMENT_TARGET = 9.0;
				MTL_ENABLE_DEBUG_INFO = NO;
				SDKROOT = iphoneos;
				TARGETED_DEVICE_FAMILY = "1,2";
				VALIDATE_PRODUCT = YES;
			};
			name = Release;
		};
		B631C7B31CCCFC1A00E64C15 /* Debug */ = {
			isa = XCBuildConfiguration;
			buildSettings = {
				ASSETCATALOG_COMPILER_APPICON_NAME = AppIcon;
				INFOPLIST_FILE = iAdPart1/Info.plist;
				LD_RUNPATH_SEARCH_PATHS = "$(inherited) @executable_path/Frameworks";
				PRODUCT_BUNDLE_IDENTIFIER = com.feliciaweathers.iAdPart1;
				PRODUCT_NAME = "$(TARGET_NAME)";
			};
			name = Debug;
		};
		B631C7B41CCCFC1A00E64C15 /* Release */ = {
			isa = XCBuildConfiguration;
			buildSettings = {
				ASSETCATALOG_COMPILER_APPICON_NAME = AppIcon;
				INFOPLIST_FILE = iAdPart1/Info.plist;
				LD_RUNPATH_SEARCH_PATHS = "$(inherited) @executable_path/Frameworks";
				PRODUCT_BUNDLE_IDENTIFIER = com.feliciaweathers.iAdPart1;
				PRODUCT_NAME = "$(TARGET_NAME)";
			};
			name = Release;
		};
/* End XCBuildConfiguration section */

/* Begin XCConfigurationList section */
		B631C7981CCCFC1900E64C15 /* Build configuration list for PBXProject "iAdPart1" */ = {
			isa = XCConfigurationList;
			buildConfigurations = (
				B631C7B01CCCFC1A00E64C15 /* Debug */,
				B631C7B11CCCFC1A00E64C15 /* Release */,
			);
			defaultConfigurationIsVisible = 0;
			defaultConfigurationName = Release;
		};
		B631C7B21CCCFC1A00E64C15 /* Build configuration list for PBXNativeTarget "iAdPart1" */ = {
			isa = XCConfigurationList;
			buildConfigurations = (
				B631C7B31CCCFC1A00E64C15 /* Debug */,
				B631C7B41CCCFC1A00E64C15 /* Release */,
			);
			defaultConfigurationIsVisible = 0;
		};
/* End XCConfigurationList section */

/* Begin XCVersionGroup section */
		B631C7A71CCCFC1A00E64C15 /* iAdPart1.xcdatamodeld */ = {
			isa = XCVersionGroup;
			children = (
				B631C7A81CCCFC1A00E64C15 /* iAdPart1.xcdatamodel */,
			);
			currentVersion = B631C7A81CCCFC1A00E64C15 /* iAdPart1.xcdatamodel */;
			path = iAdPart1.xcdatamodeld;
			sourceTree = "<group>";
			versionGroupType = wrapper.xcdatamodel;
		};
/* End XCVersionGroup section */
	};
	rootObject = B631C7951CCCFC1900E64C15 /* Project object */;
}
